// !$*UTF8*$!
{
	archiveVersion = 1;
	classes = {
	};
	objectVersion = 55;
	objects = {

/* Begin PBXBuildFile section */
		2ACECAA9282F77F2008F202A /* AppDelegate.swift in Sources */ = {isa = PBXBuildFile; fileRef = 2ACECAA8282F77F2008F202A /* AppDelegate.swift */; };
		2ACECAAB282F77F2008F202A /* SceneDelegate.swift in Sources */ = {isa = PBXBuildFile; fileRef = 2ACECAAA282F77F2008F202A /* SceneDelegate.swift */; };
		2ACECAAD282F77F2008F202A /* ViewController.swift in Sources */ = {isa = PBXBuildFile; fileRef = 2ACECAAC282F77F2008F202A /* ViewController.swift */; };
		2ACECAB2282F77F4008F202A /* Assets.xcassets in Resources */ = {isa = PBXBuildFile; fileRef = 2ACECAB1282F77F4008F202A /* Assets.xcassets */; };
		2ACECAB5282F77F4008F202A /* LaunchScreen.storyboard in Resources */ = {isa = PBXBuildFile; fileRef = 2ACECAB3282F77F4008F202A /* LaunchScreen.storyboard */; };
		2ACECAC6282F7A43008F202A /* ShopDetailInfomationCell.xib in Resources */ = {isa = PBXBuildFile; fileRef = 2ACECABE282F7A42008F202A /* ShopDetailInfomationCell.xib */; };
		2ACECAC7282F7A43008F202A /* ShopDetailImageCell.xib in Resources */ = {isa = PBXBuildFile; fileRef = 2ACECABF282F7A42008F202A /* ShopDetailImageCell.xib */; };
		2ACECAC8282F7A43008F202A /* ShopDetailImageCell.swift in Sources */ = {isa = PBXBuildFile; fileRef = 2ACECAC0282F7A42008F202A /* ShopDetailImageCell.swift */; };
		2ACECAC9282F7A43008F202A /* ShopDetailInfomationCell.swift in Sources */ = {isa = PBXBuildFile; fileRef = 2ACECAC1282F7A42008F202A /* ShopDetailInfomationCell.swift */; };
		2ACECACA282F7A43008F202A /* ShopListCell.swift in Sources */ = {isa = PBXBuildFile; fileRef = 2ACECAC2282F7A42008F202A /* ShopListCell.swift */; };
		2ACECACB282F7A43008F202A /* ShopListViewController.xib in Resources */ = {isa = PBXBuildFile; fileRef = 2ACECAC3282F7A43008F202A /* ShopListViewController.xib */; };
		2ACECACC282F7A43008F202A /* ShopListCell.xib in Resources */ = {isa = PBXBuildFile; fileRef = 2ACECAC4282F7A43008F202A /* ShopListCell.xib */; };
		2ACECACD282F7A43008F202A /* ShopListViewController.swift in Sources */ = {isa = PBXBuildFile; fileRef = 2ACECAC5282F7A43008F202A /* ShopListViewController.swift */; };
		2ACECACF28307D9B008F202A /* ShopListTableView.swift in Sources */ = {isa = PBXBuildFile; fileRef = 2ACECACE28307D9B008F202A /* ShopListTableView.swift */; };
		2ACECAD128310BE9008F202A /* ShopData.swift in Sources */ = {isa = PBXBuildFile; fileRef = 2ACECAD028310BE9008F202A /* ShopData.swift */; };
		2ACECAD32838DC0B008F202A /* Secret.swift in Sources */ = {isa = PBXBuildFile; fileRef = 2ACECAD22838DC0B008F202A /* Secret.swift */; };
/* End PBXBuildFile section */

/* Begin PBXFileReference section */
		2ACECAA5282F77F2008F202A /* GourmetSearchApp.app */ = {isa = PBXFileReference; explicitFileType = wrapper.application; includeInIndex = 0; path = GourmetSearchApp.app; sourceTree = BUILT_PRODUCTS_DIR; };
		2ACECAA8282F77F2008F202A /* AppDelegate.swift */ = {isa = PBXFileReference; lastKnownFileType = sourcecode.swift; path = AppDelegate.swift; sourceTree = "<group>"; };
		2ACECAAA282F77F2008F202A /* SceneDelegate.swift */ = {isa = PBXFileReference; lastKnownFileType = sourcecode.swift; path = SceneDelegate.swift; sourceTree = "<group>"; };
		2ACECAAC282F77F2008F202A /* ViewController.swift */ = {isa = PBXFileReference; lastKnownFileType = sourcecode.swift; path = ViewController.swift; sourceTree = "<group>"; };
		2ACECAB1282F77F4008F202A /* Assets.xcassets */ = {isa = PBXFileReference; lastKnownFileType = folder.assetcatalog; path = Assets.xcassets; sourceTree = "<group>"; };
		2ACECAB4282F77F4008F202A /* Base */ = {isa = PBXFileReference; lastKnownFileType = file.storyboard; name = Base; path = Base.lproj/LaunchScreen.storyboard; sourceTree = "<group>"; };
		2ACECAB6282F77F4008F202A /* Info.plist */ = {isa = PBXFileReference; lastKnownFileType = text.plist.xml; path = Info.plist; sourceTree = "<group>"; };
		2ACECABE282F7A42008F202A /* ShopDetailInfomationCell.xib */ = {isa = PBXFileReference; fileEncoding = 4; lastKnownFileType = file.xib; path = ShopDetailInfomationCell.xib; sourceTree = "<group>"; };
		2ACECABF282F7A42008F202A /* ShopDetailImageCell.xib */ = {isa = PBXFileReference; fileEncoding = 4; lastKnownFileType = file.xib; path = ShopDetailImageCell.xib; sourceTree = "<group>"; };
		2ACECAC0282F7A42008F202A /* ShopDetailImageCell.swift */ = {isa = PBXFileReference; fileEncoding = 4; lastKnownFileType = sourcecode.swift; path = ShopDetailImageCell.swift; sourceTree = "<group>"; };
		2ACECAC1282F7A42008F202A /* ShopDetailInfomationCell.swift */ = {isa = PBXFileReference; fileEncoding = 4; lastKnownFileType = sourcecode.swift; path = ShopDetailInfomationCell.swift; sourceTree = "<group>"; };
		2ACECAC2282F7A42008F202A /* ShopListCell.swift */ = {isa = PBXFileReference; fileEncoding = 4; lastKnownFileType = sourcecode.swift; path = ShopListCell.swift; sourceTree = "<group>"; };
		2ACECAC3282F7A43008F202A /* ShopListViewController.xib */ = {isa = PBXFileReference; fileEncoding = 4; lastKnownFileType = file.xib; path = ShopListViewController.xib; sourceTree = "<group>"; };
		2ACECAC4282F7A43008F202A /* ShopListCell.xib */ = {isa = PBXFileReference; fileEncoding = 4; lastKnownFileType = file.xib; path = ShopListCell.xib; sourceTree = "<group>"; };
		2ACECAC5282F7A43008F202A /* ShopListViewController.swift */ = {isa = PBXFileReference; fileEncoding = 4; lastKnownFileType = sourcecode.swift; path = ShopListViewController.swift; sourceTree = "<group>"; };
		2ACECACE28307D9B008F202A /* ShopListTableView.swift */ = {isa = PBXFileReference; lastKnownFileType = sourcecode.swift; path = ShopListTableView.swift; sourceTree = "<group>"; };
		2ACECAD028310BE9008F202A /* ShopData.swift */ = {isa = PBXFileReference; lastKnownFileType = sourcecode.swift; path = ShopData.swift; sourceTree = "<group>"; };
		2ACECAD22838DC0B008F202A /* Secret.swift */ = {isa = PBXFileReference; lastKnownFileType = sourcecode.swift; path = Secret.swift; sourceTree = "<group>"; };
/* End PBXFileReference section */

/* Begin PBXFrameworksBuildPhase section */
		2ACECAA2282F77F2008F202A /* Frameworks */ = {
			isa = PBXFrameworksBuildPhase;
			buildActionMask = 2147483647;
			files = (
			);
			runOnlyForDeploymentPostprocessing = 0;
		};
/* End PBXFrameworksBuildPhase section */

/* Begin PBXGroup section */
		2ACECA9C282F77F2008F202A = {
			isa = PBXGroup;
			children = (
				2ACECAA7282F77F2008F202A /* GourmetSearchApp */,
				2ACECAA6282F77F2008F202A /* Products */,
			);
			sourceTree = "<group>";
		};
		2ACECAA6282F77F2008F202A /* Products */ = {
			isa = PBXGroup;
			children = (
				2ACECAA5282F77F2008F202A /* GourmetSearchApp.app */,
			);
			name = Products;
			sourceTree = "<group>";
		};
		2ACECAA7282F77F2008F202A /* GourmetSearchApp */ = {
			isa = PBXGroup;
			children = (
				2ACECAC0282F7A42008F202A /* ShopDetailImageCell.swift */,
				2ACECABF282F7A42008F202A /* ShopDetailImageCell.xib */,
				2ACECAC1282F7A42008F202A /* ShopDetailInfomationCell.swift */,
				2ACECABE282F7A42008F202A /* ShopDetailInfomationCell.xib */,
				2ACECAC2282F7A42008F202A /* ShopListCell.swift */,
				2ACECAC4282F7A43008F202A /* ShopListCell.xib */,
				2ACECAC5282F7A43008F202A /* ShopListViewController.swift */,
				2ACECAD028310BE9008F202A /* ShopData.swift */,
				2ACECAD22838DC0B008F202A /* Secret.swift */,
				2ACECACE28307D9B008F202A /* ShopListTableView.swift */,
				2ACECAC3282F7A43008F202A /* ShopListViewController.xib */,
				2ACECAA8282F77F2008F202A /* AppDelegate.swift */,
				2ACECAAA282F77F2008F202A /* SceneDelegate.swift */,
				2ACECAAC282F77F2008F202A /* ViewController.swift */,
				2ACECAB1282F77F4008F202A /* Assets.xcassets */,
				2ACECAB3282F77F4008F202A /* LaunchScreen.storyboard */,
				2ACECAB6282F77F4008F202A /* Info.plist */,
			);
			path = GourmetSearchApp;
			sourceTree = "<group>";
		};
/* End PBXGroup section */

/* Begin PBXNativeTarget section */
		2ACECAA4282F77F2008F202A /* GourmetSearchApp */ = {
			isa = PBXNativeTarget;
			buildConfigurationList = 2ACECAB9282F77F4008F202A /* Build configuration list for PBXNativeTarget "GourmetSearchApp" */;
			buildPhases = (
				2ACECAA1282F77F2008F202A /* Sources */,
				2ACECAA2282F77F2008F202A /* Frameworks */,
				2ACECAA3282F77F2008F202A /* Resources */,
			);
			buildRules = (
			);
			dependencies = (
			);
			name = GourmetSearchApp;
			productName = GourmetSearchApp;
			productReference = 2ACECAA5282F77F2008F202A /* GourmetSearchApp.app */;
			productType = "com.apple.product-type.application";
		};
/* End PBXNativeTarget section */

/* Begin PBXProject section */
		2ACECA9D282F77F2008F202A /* Project object */ = {
			isa = PBXProject;
			attributes = {
				BuildIndependentTargetsInParallel = 1;
				LastSwiftUpdateCheck = 1330;
				LastUpgradeCheck = 1330;
				TargetAttributes = {
					2ACECAA4282F77F2008F202A = {
						CreatedOnToolsVersion = 13.3;
					};
				};
			};
			buildConfigurationList = 2ACECAA0282F77F2008F202A /* Build configuration list for PBXProject "GourmetSearchApp" */;
			compatibilityVersion = "Xcode 13.0";
			developmentRegion = en;
			hasScannedForEncodings = 0;
			knownRegions = (
				en,
				Base,
			);
			mainGroup = 2ACECA9C282F77F2008F202A;
			productRefGroup = 2ACECAA6282F77F2008F202A /* Products */;
			projectDirPath = "";
			projectRoot = "";
			targets = (
				2ACECAA4282F77F2008F202A /* GourmetSearchApp */,
			);
		};
/* End PBXProject section */

/* Begin PBXResourcesBuildPhase section */
		2ACECAA3282F77F2008F202A /* Resources */ = {
			isa = PBXResourcesBuildPhase;
			buildActionMask = 2147483647;
			files = (
				2ACECAC7282F7A43008F202A /* ShopDetailImageCell.xib in Resources */,
				2ACECACC282F7A43008F202A /* ShopListCell.xib in Resources */,
				2ACECAB5282F77F4008F202A /* LaunchScreen.storyboard in Resources */,
				2ACECAC6282F7A43008F202A /* ShopDetailInfomationCell.xib in Resources */,
				2ACECAB2282F77F4008F202A /* Assets.xcassets in Resources */,
				2ACECACB282F7A43008F202A /* ShopListViewController.xib in Resources */,
			);
			runOnlyForDeploymentPostprocessing = 0;
		};
/* End PBXResourcesBuildPhase section */

/* Begin PBXSourcesBuildPhase section */
		2ACECAA1282F77F2008F202A /* Sources */ = {
			isa = PBXSourcesBuildPhase;
			buildActionMask = 2147483647;
			files = (
				2ACECAC8282F7A43008F202A /* ShopDetailImageCell.swift in Sources */,
				2ACECAD32838DC0B008F202A /* Secret.swift in Sources */,
				2ACECACA282F7A43008F202A /* ShopListCell.swift in Sources */,
				2ACECAAD282F77F2008F202A /* ViewController.swift in Sources */,
				2ACECACF28307D9B008F202A /* ShopListTableView.swift in Sources */,
				2ACECAC9282F7A43008F202A /* ShopDetailInfomationCell.swift in Sources */,
				2ACECACD282F7A43008F202A /* ShopListViewController.swift in Sources */,
				2ACECAD128310BE9008F202A /* ShopData.swift in Sources */,
				2ACECAA9282F77F2008F202A /* AppDelegate.swift in Sources */,
				2ACECAAB282F77F2008F202A /* SceneDelegate.swift in Sources */,
			);
			runOnlyForDeploymentPostprocessing = 0;
		};
/* End PBXSourcesBuildPhase section */

/* Begin PBXVariantGroup section */
		2ACECAB3282F77F4008F202A /* LaunchScreen.storyboard */ = {
			isa = PBXVariantGroup;
			children = (
				2ACECAB4282F77F4008F202A /* Base */,
			);
			name = LaunchScreen.storyboard;
			sourceTree = "<group>";
		};
/* End PBXVariantGroup section */

/* Begin XCBuildConfiguration section */
		2ACECAB7282F77F4008F202A /* Debug */ = {
			isa = XCBuildConfiguration;
			buildSettings = {
				ALWAYS_SEARCH_USER_PATHS = NO;
				CLANG_ANALYZER_NONNULL = YES;
				CLANG_ANALYZER_NUMBER_OBJECT_CONVERSION = YES_AGGRESSIVE;
				CLANG_CXX_LANGUAGE_STANDARD = "gnu++17";
				CLANG_ENABLE_MODULES = YES;
				CLANG_ENABLE_OBJC_ARC = YES;
				CLANG_ENABLE_OBJC_WEAK = YES;
				CLANG_WARN_BLOCK_CAPTURE_AUTORELEASING = YES;
				CLANG_WARN_BOOL_CONVERSION = YES;
				CLANG_WARN_COMMA = YES;
				CLANG_WARN_CONSTANT_CONVERSION = YES;
				CLANG_WARN_DEPRECATED_OBJC_IMPLEMENTATIONS = YES;
				CLANG_WARN_DIRECT_OBJC_ISA_USAGE = YES_ERROR;
				CLANG_WARN_DOCUMENTATION_COMMENTS = YES;
				CLANG_WARN_EMPTY_BODY = YES;
				CLANG_WARN_ENUM_CONVERSION = YES;
				CLANG_WARN_INFINITE_RECURSION = YES;
				CLANG_WARN_INT_CONVERSION = YES;
				CLANG_WARN_NON_LITERAL_NULL_CONVERSION = YES;
				CLANG_WARN_OBJC_IMPLICIT_RETAIN_SELF = YES;
				CLANG_WARN_OBJC_LITERAL_CONVERSION = YES;
				CLANG_WARN_OBJC_ROOT_CLASS = YES_ERROR;
				CLANG_WARN_QUOTED_INCLUDE_IN_FRAMEWORK_HEADER = YES;
				CLANG_WARN_RANGE_LOOP_ANALYSIS = YES;
				CLANG_WARN_STRICT_PROTOTYPES = YES;
				CLANG_WARN_SUSPICIOUS_MOVE = YES;
				CLANG_WARN_UNGUARDED_AVAILABILITY = YES_AGGRESSIVE;
				CLANG_WARN_UNREACHABLE_CODE = YES;
				CLANG_WARN__DUPLICATE_METHOD_MATCH = YES;
				COPY_PHASE_STRIP = NO;
				DEBUG_INFORMATION_FORMAT = dwarf;
				ENABLE_STRICT_OBJC_MSGSEND = YES;
				ENABLE_TESTABILITY = YES;
				GCC_C_LANGUAGE_STANDARD = gnu11;
				GCC_DYNAMIC_NO_PIC = NO;
				GCC_NO_COMMON_BLOCKS = YES;
				GCC_OPTIMIZATION_LEVEL = 0;
				GCC_PREPROCESSOR_DEFINITIONS = (
					"DEBUG=1",
					"$(inherited)",
				);
				GCC_WARN_64_TO_32_BIT_CONVERSION = YES;
				GCC_WARN_ABOUT_RETURN_TYPE = YES_ERROR;
				GCC_WARN_UNDECLARED_SELECTOR = YES;
				GCC_WARN_UNINITIALIZED_AUTOS = YES_AGGRESSIVE;
				GCC_WARN_UNUSED_FUNCTION = YES;
				GCC_WARN_UNUSED_VARIABLE = YES;
				IPHONEOS_DEPLOYMENT_TARGET = 15.4;
				MTL_ENABLE_DEBUG_INFO = INCLUDE_SOURCE;
				MTL_FAST_MATH = YES;
				ONLY_ACTIVE_ARCH = YES;
				SDKROOT = iphoneos;
				SWIFT_ACTIVE_COMPILATION_CONDITIONS = DEBUG;
				SWIFT_OPTIMIZATION_LEVEL = "-Onone";
			};
			name = Debug;
		};
		2ACECAB8282F77F4008F202A /* Release */ = {
			isa = XCBuildConfiguration;
			buildSettings = {
				ALWAYS_SEARCH_USER_PATHS = NO;
				CLANG_ANALYZER_NONNULL = YES;
				CLANG_ANALYZER_NUMBER_OBJECT_CONVERSION = YES_AGGRESSIVE;
				CLANG_CXX_LANGUAGE_STANDARD = "gnu++17";
				CLANG_ENABLE_MODULES = YES;
				CLANG_ENABLE_OBJC_ARC = YES;
				CLANG_ENABLE_OBJC_WEAK = YES;
				CLANG_WARN_BLOCK_CAPTURE_AUTORELEASING = YES;
				CLANG_WARN_BOOL_CONVERSION = YES;
				CLANG_WARN_COMMA = YES;
				CLANG_WARN_CONSTANT_CONVERSION = YES;
				CLANG_WARN_DEPRECATED_OBJC_IMPLEMENTATIONS = YES;
				CLANG_WARN_DIRECT_OBJC_ISA_USAGE = YES_ERROR;
				CLANG_WARN_DOCUMENTATION_COMMENTS = YES;
				CLANG_WARN_EMPTY_BODY = YES;
				CLANG_WARN_ENUM_CONVERSION = YES;
				CLANG_WARN_INFINITE_RECURSION = YES;
				CLANG_WARN_INT_CONVERSION = YES;
				CLANG_WARN_NON_LITERAL_NULL_CONVERSION = YES;
				CLANG_WARN_OBJC_IMPLICIT_RETAIN_SELF = YES;
				CLANG_WARN_OBJC_LITERAL_CONVERSION = YES;
				CLANG_WARN_OBJC_ROOT_CLASS = YES_ERROR;
				CLANG_WARN_QUOTED_INCLUDE_IN_FRAMEWORK_HEADER = YES;
				CLANG_WARN_RANGE_LOOP_ANALYSIS = YES;
				CLANG_WARN_STRICT_PROTOTYPES = YES;
				CLANG_WARN_SUSPICIOUS_MOVE = YES;
				CLANG_WARN_UNGUARDED_AVAILABILITY = YES_AGGRESSIVE;
				CLANG_WARN_UNREACHABLE_CODE = YES;
				CLANG_WARN__DUPLICATE_METHOD_MATCH = YES;
				COPY_PHASE_STRIP = NO;
				DEBUG_INFORMATION_FORMAT = "dwarf-with-dsym";
				ENABLE_NS_ASSERTIONS = NO;
				ENABLE_STRICT_OBJC_MSGSEND = YES;
				GCC_C_LANGUAGE_STANDARD = gnu11;
				GCC_NO_COMMON_BLOCKS = YES;
				GCC_WARN_64_TO_32_BIT_CONVERSION = YES;
				GCC_WARN_ABOUT_RETURN_TYPE = YES_ERROR;
				GCC_WARN_UNDECLARED_SELECTOR = YES;
				GCC_WARN_UNINITIALIZED_AUTOS = YES_AGGRESSIVE;
				GCC_WARN_UNUSED_FUNCTION = YES;
				GCC_WARN_UNUSED_VARIABLE = YES;
				IPHONEOS_DEPLOYMENT_TARGET = 15.4;
				MTL_ENABLE_DEBUG_INFO = NO;
				MTL_FAST_MATH = YES;
				SDKROOT = iphoneos;
				SWIFT_COMPILATION_MODE = wholemodule;
				SWIFT_OPTIMIZATION_LEVEL = "-O";
				VALIDATE_PRODUCT = YES;
			};
			name = Release;
		};
		2ACECABA282F77F4008F202A /* Debug */ = {
			isa = XCBuildConfiguration;
			buildSettings = {
				ASSETCATALOG_COMPILER_APPICON_NAME = AppIcon;
				ASSETCATALOG_COMPILER_GLOBAL_ACCENT_COLOR_NAME = AccentColor;
				CODE_SIGN_STYLE = Automatic;
				CURRENT_PROJECT_VERSION = 1;
				DEVELOPMENT_TEAM = 55U9453NAN;
				GENERATE_INFOPLIST_FILE = YES;
				INFOPLIST_FILE = GourmetSearchApp/Info.plist;
				INFOPLIST_KEY_UIApplicationSupportsIndirectInputEvents = YES;
				INFOPLIST_KEY_UILaunchStoryboardName = LaunchScreen;
				INFOPLIST_KEY_UISupportedInterfaceOrientations_iPad = "UIInterfaceOrientationPortrait UIInterfaceOrientationPortraitUpsideDown UIInterfaceOrientationLandscapeLeft UIInterfaceOrientationLandscapeRight";
				INFOPLIST_KEY_UISupportedInterfaceOrientations_iPhone = "UIInterfaceOrientationPortrait UIInterfaceOrientationLandscapeLeft UIInterfaceOrientationLandscapeRight";
				LD_RUNPATH_SEARCH_PATHS = (
					"$(inherited)",
					"@executable_path/Frameworks",
				);
				MARKETING_VERSION = 1.0;
				PRODUCT_BUNDLE_IDENTIFIER = jp.co.japan.axas.fujiwara.kazuya.GourmetSearchApp;
				PRODUCT_NAME = "$(TARGET_NAME)";
				SWIFT_EMIT_LOC_STRINGS = YES;
				SWIFT_VERSION = 5.0;
				TARGETED_DEVICE_FAMILY = "1,2";
			};
			name = Debug;
		};
		2ACECABB282F77F4008F202A /* Release */ = {
			isa = XCBuildConfiguration;
			buildSettings = {
				ASSETCATALOG_COMPILER_APPICON_NAME = AppIcon;
				ASSETCATALOG_COMPILER_GLOBAL_ACCENT_COLOR_NAME = AccentColor;
				CODE_SIGN_STYLE = Automatic;
				CURRENT_PROJECT_VERSION = 1;
				DEVELOPMENT_TEAM = 55U9453NAN;
				GENERATE_INFOPLIST_FILE = YES;
				INFOPLIST_FILE = GourmetSearchApp/Info.plist;
				INFOPLIST_KEY_UIApplicationSupportsIndirectInputEvents = YES;
				INFOPLIST_KEY_UILaunchStoryboardName = LaunchScreen;
				INFOPLIST_KEY_UISupportedInterfaceOrientations_iPad = "UIInterfaceOrientationPortrait UIInterfaceOrientationPortraitUpsideDown UIInterfaceOrientationLandscapeLeft UIInterfaceOrientationLandscapeRight";
				INFOPLIST_KEY_UISupportedInterfaceOrientations_iPhone = "UIInterfaceOrientationPortrait UIInterfaceOrientationLandscapeLeft UIInterfaceOrientationLandscapeRight";
				LD_RUNPATH_SEARCH_PATHS = (
					"$(inherited)",
					"@executable_path/Frameworks",
				);
				MARKETING_VERSION = 1.0;
				PRODUCT_BUNDLE_IDENTIFIER = jp.co.japan.axas.fujiwara.kazuya.GourmetSearchApp;
				PRODUCT_NAME = "$(TARGET_NAME)";
				SWIFT_EMIT_LOC_STRINGS = YES;
				SWIFT_VERSION = 5.0;
				TARGETED_DEVICE_FAMILY = "1,2";
			};
			name = Release;
		};
/* End XCBuildConfiguration section */

/* Begin XCConfigurationList section */
		2ACECAA0282F77F2008F202A /* Build configuration list for PBXProject "GourmetSearchApp" */ = {
			isa = XCConfigurationList;
			buildConfigurations = (
				2ACECAB7282F77F4008F202A /* Debug */,
				2ACECAB8282F77F4008F202A /* Release */,
			);
			defaultConfigurationIsVisible = 0;
			defaultConfigurationName = Release;
		};
		2ACECAB9282F77F4008F202A /* Build configuration list for PBXNativeTarget "GourmetSearchApp" */ = {
			isa = XCConfigurationList;
			buildConfigurations = (
				2ACECABA282F77F4008F202A /* Debug */,
				2ACECABB282F77F4008F202A /* Release */,
			);
			defaultConfigurationIsVisible = 0;
			defaultConfigurationName = Release;
		};
/* End XCConfigurationList section */
	};
	rootObject = 2ACECA9D282F77F2008F202A /* Project object */;
}
